# THIS IS AN AUTOGENERATED FILE. DO NOT EDIT THIS FILE DIRECTLY.
# yarn lockfile v1


sdp@^3.0.2:
  version "3.0.3"
  resolved "https://registry.yarnpkg.com/sdp/-/sdp-3.0.3.tgz#669958d54663ea9f4a46cc66518c9d980c52c61e"
  integrity sha512-8EkfckS+XZQaPLyChu4ey7PghrdcraCVNpJe2Gfdi2ON1ylQ7OasuKX+b37R9slnRChwIAiQgt+oj8xXGD8x+A==

webrtc-adapter@^8.2.0:
  version "8.2.0"
  resolved "https://registry.yarnpkg.com/webrtc-adapter/-/webrtc-adapter-8.2.0.tgz#566220c95d707017bbefbb555d6e2467dd1b691e"
  integrity sha512-umxCMgedPAVq4Pe/jl3xmelLXLn4XZWFEMR5Iipb5wJ+k1xMX0yC4ZY9CueZUU1MjapFxai1tFGE7R/kotH6Ww==
  dependencies:
    sdp "^3.0.2"
