# THIS IS AN AUTOGENERATED FILE. DO NOT EDIT THIS FILE DIRECTLY.
# yarn lockfile v1


janus-tsc@^1.0.0:
  version "1.0.0"
  resolved "https://registry.yarnpkg.com/janus-tsc/-/janus-tsc-1.0.0.tgz#52facd3d2f237660c11bdd6e3a60a9d7a3700db1"
  integrity sha512-k1MISutjZ6rGkfhbr0bQdlzlFx2y6PsdDDinKhqaCgUPUntg323FeGdheW4jLXdmWS1I/QaLKP1U/UGqZ8ADUA==
  dependencies:
    webrtc-adapter "^7.5.1"

rtcpeerconnection-shim@^1.2.15:
  version "1.2.15"
  resolved "https://registry.yarnpkg.com/rtcpeerconnection-shim/-/rtcpeerconnection-shim-1.2.15.tgz#e7cc189a81b435324c4949aa3dfb51888684b243"
  integrity sha512-C6DxhXt7bssQ1nHb154lqeL0SXz5Dx4RczXZu2Aa/L1NJFnEVDxFwCBo3fqtuljhHIGceg5JKBV4XJ0gW5JKyw==
  dependencies:
    sdp "^2.6.0"

sdp@^2.12.0, sdp@^2.6.0:
  version "2.12.0"
  resolved "https://registry.yarnpkg.com/sdp/-/sdp-2.12.0.tgz#338a106af7560c86e4523f858349680350d53b22"
  integrity sha512-jhXqQAQVM+8Xj5EjJGVweuEzgtGWb3tmEEpl3CLP3cStInSbVHSg0QWOGQzNq8pSID4JkpeV2mPqlMDLrm0/Vw==

webrtc-adapter@^7.5.1:
  version "7.5.1"
  resolved "https://registry.yarnpkg.com/webrtc-adapter/-/webrtc-adapter-7.5.1.tgz#30895069da4fed9578597c066e6194fe83b97b37"
  integrity sha512-R5LkIR/APjODkstSXFOztOmINXQ0nqIGfUoKTtCzjyiDXHNgwhkqZ9vi8UzGyjfUBibuZ0ZzVyV10qtuLGW3CQ==
  dependencies:
    rtcpeerconnection-shim "^1.2.15"
    sdp "^2.12.0"
